<Solution>
  <Project Path="Unity.Timeline.csproj" />
  <Project Path="Assembly-CSharp.csproj" />
  <Project Path="Unity.ProBuilder.csproj" />
  <Project Path="Unity.Timeline.Editor.csproj" />
  <Project Path="Unity.Splines.Editor.csproj" />
  <Project Path="Unity.Mathematics.csproj" />
  <Project Path="Unity.Cinemachine.Editor.csproj" />
  <Project Path="Unity.Collections.csproj" />
  <Project Path="Unity.ProBuilder.Poly2Tri.csproj" />
  <Project Path="Unity.Polybrush.csproj" />
  <Project Path="Unity.Splines.csproj" />
  <Project Path="Unity.PerformanceTesting.Editor.csproj" />
  <Project Path="Unity.Searcher.Editor.csproj" />
  <Project Path="Unity.Burst.csproj" />
  <Project Path="Unity.ProBuilder.Csg.csproj" />
  <Project Path="Unity.AI.Navigation.Editor.csproj" />
  <Project Path="Unity.VisualStudio.Editor.csproj" />
  <Project Path="SimpleSFXRuntime.csproj" />
  <Project Path="Unity.Rider.Editor.csproj" />
  <Project Path="Unity.ProBuilder.Editor.csproj" />
  <Project Path="Unity.Cinemachine.csproj" />
  <Project Path="Assembly-CSharp-Editor.csproj" />
  <Project Path="Unity.AI.Navigation.Editor.ConversionSystem.csproj" />
  <Project Path="Unity.Burst.CodeGen.csproj" />
  <Project Path="Unity.Postprocessing.Runtime.csproj" />
  <Project Path="Unity.PerformanceTesting.csproj" />
  <Project Path="Unity.Postprocessing.Editor.csproj" />
  <Project Path="Unity.Polybrush.Editor.csproj" />
  <Project Path="Unity.AI.Navigation.csproj" />
  <Project Path="Unity.Burst.Editor.csproj" />
  <Project Path="Unity.AI.Navigation.Updater.csproj" />
  <Project Path="Unity.ProBuilder.Stl.csproj" />
  <Project Path="Unity.Settings.Editor.csproj" />
  <Project Path="WorldBuildingRuntime.csproj" />
  <Project Path="Unity.ProBuilder.KdTree.csproj" />
  <Project Path="Unity.ProBuilder.AddOns.Editor.csproj" />
  <Project Path="Unity.Collections.CodeGen.csproj" />
  <Project Path="Unity.Mathematics.Editor.csproj" />
  <Project Path="Unity.ProBuilder.AssetIdRemapUtility.csproj" />
  <Project Path="PackageManagerCheck.csproj" />
  <Project Path="Unity.Collections.Editor.csproj" />
</Solution>
